
Microsoft Visual Studio Solution File, Format Version 12.00
# Visual Studio 15
VisualStudioVersion = 15.0.28010.2026
MinimumVisualStudioVersion = 10.0.40219.1
Project("{FAE04EC0-301F-11D3-BF4B-00C04F79EFBC}") = "CashRegisterWebApi", "CashRegisterWebApi\CashRegisterWebApi.csproj", "{E464890A-5DB1-4A54-8CA3-8277FE74411A}"
EndProject
Global
	GlobalSection(SolutionConfigurationPlatforms) = preSolution
		Debug|Any CPU = Debug|Any CPU
		Release|Any CPU = Release|Any CPU
	EndGlobalSection
	GlobalSection(ProjectConfigurationPlatforms) = postSolution
		{E464890A-5DB1-4A54-8CA3-8277FE74411A}.Debug|Any CPU.ActiveCfg = Debug|Any CPU
		{E464890A-5DB1-4A54-8CA3-8277FE74411A}.Debug|Any CPU.Build.0 = Debug|Any CPU
		{E464890A-5DB1-4A54-8CA3-8277FE74411A}.Release|Any CPU.ActiveCfg = Release|Any CPU
		{E464890A-5DB1-4A54-8CA3-8277FE74411A}.Release|Any CPU.Build.0 = Release|Any CPU
	EndGlobalSection
	GlobalSection(SolutionProperties) = preSolution
		HideSolutionNode = FALSE
	EndGlobalSection
	GlobalSection(ExtensibilityGlobals) = postSolution
		SolutionGuid = {F72B3B81-6902-4695-B593-91338CB48A17}
	EndGlobalSection
EndGlobal
